# This file is autogenerated, do not edit; changes may be undone by the next 'dep ensure'.


[[projects]]
  branch = "master"
  digest = "1:fe4f4cbd09de5ac218baece91ae2ad6e3e48371a02c3217a2e2b7b11697c3c29"
  name = "github.com/google/skylark"
  packages = [
    ".",
    "internal/compile",
    "resolve",
    "syntax",
  ]
  pruneopts = "UT"
  revision = "878b17a75d1975b64e9242cce2178ea1f599b871"

[[projects]]
  digest = "1:870d441fe217b8e689d7949fef6e43efbc787e50f200cb1e70dbca9204a1d6be"
  name = "github.com/inconshreveable/mousetrap"
  packages = ["."]
  pruneopts = "UT"
  revision = "76626ae9c91c4f2a10f34cad8ce83ea42c93bb75"
  version = "v1.0"

[[projects]]
  digest = "1:872fa275c31e1f9db31d66fa9b1d4a7bb9a080ff184e6977da01f36bfbe07f11"
  name = "github.com/spf13/cobra"
  packages = ["."]
  pruneopts = "UT"
  revision = "ef82de70bb3f60c65fb8eebacbb2d122ef517385"
  version = "v0.0.3"

[[projects]]
  digest = "1:9424f440bba8f7508b69414634aef3b2b3a877e522d8a4624692412805407bb7"
  name = "github.com/spf13/pflag"
  packages = ["."]
  pruneopts = "UT"
  revision = "583c0c0531f06d5278b7d917446061adc344b5cd"
  version = "v1.0.1"

[[projects]]
  branch = "master"
  digest = "1:95fe9a3d458a0e40c0cc4cdcecf21cc084c88713c269fb60b24b1d09fc81239c"
  name = "github.com/windmilleng/wmclient"
  packages = ["pkg/dirs"]
  pruneopts = "UT"
  revision = "31c1725257e1cbda5a40d73bdbb0e824bda27ff6"

[solve-meta]
  analyzer-name = "dep"
  analyzer-version = 1
  input-imports = [
    "github.com/google/skylark",
    "github.com/spf13/cobra",
    "github.com/windmilleng/wmclient/pkg/dirs",
  ]
  solver-name = "gps-cdcl"
  solver-version = 1
