# This file is autogenerated, do not edit; changes may be undone by the next 'dep ensure'.


[[projects]]
  branch = "master"
  digest = "1:d6afaeed1502aa28e80a4ed0981d570ad91b2579193404256ce672ed0a609e0d"
  name = "github.com/beorn7/perks"
  packages = ["quantile"]
  pruneopts = "UT"
  revision = "3a771d992973f24aa725d07868b467d1ddfceafb"

[[projects]]
  digest = "1:15042ad3498153684d09f393bbaec6b216c8eec6d61f63dff711de7d64ed8861"
  name = "github.com/golang/protobuf"
  packages = ["proto"]
  pruneopts = "UT"
  revision = "b4deda0973fb4c70b50d226b1af49f3da59f5265"
  version = "v1.1.0"

[[projects]]
  branch = "master"
  digest = "1:fe4f4cbd09de5ac218baece91ae2ad6e3e48371a02c3217a2e2b7b11697c3c29"
  name = "github.com/google/skylark"
  packages = [
    ".",
    "internal/compile",
    "resolve",
    "syntax",
  ]
  pruneopts = "UT"
  revision = "878b17a75d1975b64e9242cce2178ea1f599b871"

[[projects]]
  branch = "master"
  digest = "1:098464eef684516104d1e7fb8a01f66524e94c6eedd0d790be63e836f235d207"
  name = "github.com/heptiolabs/healthcheck"
  packages = ["."]
  pruneopts = "UT"
  revision = "da5fdee475fb09de87c5d4a50da233b7d28767b1"

[[projects]]
  digest = "1:870d441fe217b8e689d7949fef6e43efbc787e50f200cb1e70dbca9204a1d6be"
  name = "github.com/inconshreveable/mousetrap"
  packages = ["."]
  pruneopts = "UT"
  revision = "76626ae9c91c4f2a10f34cad8ce83ea42c93bb75"
  version = "v1.0"

[[projects]]
  digest = "1:ff5ebae34cfbf047d505ee150de27e60570e8c394b3b8fdbb720ff6ac71985fc"
  name = "github.com/matttproud/golang_protobuf_extensions"
  packages = ["pbutil"]
  pruneopts = "UT"
  revision = "c12348ce28de40eed0136aa2b644d0ee0650e56c"
  version = "v1.0.1"

[[projects]]
  digest = "1:b6221ec0f8903b556e127c449e7106b63e6867170c2d10a7c058623d086f2081"
  name = "github.com/prometheus/client_golang"
  packages = ["prometheus"]
  pruneopts = "UT"
  revision = "c5b7fccd204277076155f10851dad72b76a49317"
  version = "v0.8.0"

[[projects]]
  branch = "master"
  digest = "1:0f37e09b3e92aaeda5991581311f8dbf38944b36a3edec61cc2d1991f527554a"
  name = "github.com/prometheus/client_model"
  packages = ["go"]
  pruneopts = "UT"
  revision = "5c3871d89910bfb32f5fcab2aa4b9ec68e65a99f"

[[projects]]
  branch = "master"
  digest = "1:dad2e5a2153ee7a6c9ab8fc13673a16ee4fb64434a7da980965a3741b0c981a3"
  name = "github.com/prometheus/common"
  packages = [
    "expfmt",
    "internal/bitbucket.org/ww/goautoneg",
    "model",
  ]
  pruneopts = "UT"
  revision = "c7de2306084e37d54b8be01f3541a8464345e9a5"

[[projects]]
  branch = "master"
  digest = "1:a37c98f4b7a66bb5c539c0539f0915a74ef1c8e0b3b6f45735289d94cae92bfd"
  name = "github.com/prometheus/procfs"
  packages = [
    ".",
    "internal/util",
    "nfs",
    "xfs",
  ]
  pruneopts = "UT"
  revision = "05ee40e3a273f7245e8777337fc7b46e533a9a92"

[[projects]]
  digest = "1:872fa275c31e1f9db31d66fa9b1d4a7bb9a080ff184e6977da01f36bfbe07f11"
  name = "github.com/spf13/cobra"
  packages = ["."]
  pruneopts = "UT"
  revision = "ef82de70bb3f60c65fb8eebacbb2d122ef517385"
  version = "v0.0.3"

[[projects]]
  digest = "1:9424f440bba8f7508b69414634aef3b2b3a877e522d8a4624692412805407bb7"
  name = "github.com/spf13/pflag"
  packages = ["."]
  pruneopts = "UT"
  revision = "583c0c0531f06d5278b7d917446061adc344b5cd"
  version = "v1.0.1"

[[projects]]
  branch = "master"
  digest = "1:fc3627a483e01a33b432479ec262ab39617405681d5bcc202ed264ba3babdcef"
  name = "github.com/windmilleng/wmclient"
  packages = [
    "pkg/analytics",
    "pkg/dirs",
  ]
  pruneopts = "UT"
  revision = "f6b39cbcf57d4992b2407977e1fb956b98559614"

[solve-meta]
  analyzer-name = "dep"
  analyzer-version = 1
  input-imports = [
    "github.com/google/skylark",
    "github.com/google/skylark/syntax",
    "github.com/heptiolabs/healthcheck",
    "github.com/spf13/cobra",
    "github.com/windmilleng/wmclient/pkg/analytics",
    "github.com/windmilleng/wmclient/pkg/dirs",
  ]
  solver-name = "gps-cdcl"
  solver-version = 1
